%{
  "aws_signature": {:hex, :aws_signature, "0.4.3", "28a308f9d39fd8d197874b6b737e8cd50a41be4d4dd765f408ca0483b026c18d", [:rebar3], [], "hexpm", "7b4dc6fd48e583b61cef75b330c344e71c451ba70903d1506af1e38caf68bb0c"},
  "complex": {:hex, :complex, "0.7.0", "695632ef9487517aa5d57edd1697801079d622414cb2e1a7cf538b1f9a50f205", [:mix], [], "hexpm", "0ee39c0803129f546e7f3f640da8f021c9e659402bf59da6f7f2c4848f068f8d"},
  "cowlib": {:hex, :cowlib, "2.20.0", "bb525377ba634cd6d68bac7bff5d98571f738806139d335daca827717c5dc172", [:make, :rebar3], [], "hexpm", "7d41a0dd2c093041ff3779ac5fe8a1585a68ec7cb2dd1de0536bdd2452fd7ba1"},
  "decimal": {:hex, :decimal, "3.1.1", "430d87b04011ce6cbd4fd205be758311a81f87d552d40904abd00f015935b1d0", [:mix], [], "hexpm", "c5f25f2ced74a0587d03e6023f595db8e924c9d3922c8c8ffd9edfc4498cf1f6"},
  "earmark_parser": {:hex, :earmark_parser, "1.4.46", "67607a0532e810c6f630a515c548d0b24949643f168cc556303bee4cf96105c7", [:mix], [], "hexpm", "9c44636e8a1c68c62f526b2dcd85d941dbbcee7ab82cf64ba06ce28bef8e89f5"},
  "ex_doc": {:hex, :ex_doc, "0.40.4", "66f2e42bf588594d5a8aab31cad87f2ddad09d0da1b1a2f379340ec2c2e497cb", [:mix], [{:earmark_parser, "~> 1.4.46", [hex: :earmark_parser, repo: "hexpm", optional: false]}, {:makeup_c, ">= 0.1.0", [hex: :makeup_c, repo: "hexpm", optional: true]}, {:makeup_elixir, "~> 0.14 or ~> 1.0", [hex: :makeup_elixir, repo: "hexpm", optional: false]}, {:makeup_erlang, "~> 0.1 or ~> 1.0", [hex: :makeup_erlang, repo: "hexpm", optional: false]}, {:makeup_html, ">= 0.1.0", [hex: :makeup_html, repo: "hexpm", optional: true]}], "hexpm", "6222b9e423d76584ee34df2c82a5ed72c2d53dc153f7f483ad28b378694186cc"},
  "explorer": {:hex, :explorer, "0.12.0", "d55c9884386c74bf9324a3d075603346185177d577276504f7d6579e5a8ea49a", [:mix], [{:adbc, "~> 0.12", [hex: :adbc, repo: "hexpm", optional: true]}, {:aws_signature, "~> 0.3", [hex: :aws_signature, repo: "hexpm", optional: false]}, {:decimal, "~> 3.1", [hex: :decimal, repo: "hexpm", optional: false]}, {:nx, "~> 0.4", [hex: :nx, repo: "hexpm", optional: true]}, {:rustler, "~> 0.38", [hex: :rustler, repo: "hexpm", optional: true]}, {:rustler_precompiled, "~> 0.7", [hex: :rustler_precompiled, repo: "hexpm", optional: false]}, {:table, "~> 0.1.2", [hex: :table, repo: "hexpm", optional: false]}, {:table_rex, "~> 4.1", [hex: :table_rex, repo: "hexpm", optional: false]}], "hexpm", "3ebc3f84f6f9f829c31f107bc3c2cb484705163d9cb7c62ed2e0405913360595"},
  "googleapis": {:hex, :googleapis, "0.1.0", "13770f3f75f5b863fb9acf41633c7bc71bad788f3f553b66481a096d083ee20e", [:mix], [{:protobuf, "~> 0.12", [hex: :protobuf, repo: "hexpm", optional: false]}], "hexpm", "1989a7244fd17d3eb5f3de311a022b656c3736b39740db46506157c4604bd212"},
  "grpc": {:hex, :grpc, "1.0.5", "71082f1a2d0ff6d2a4198efaf514c33e71485167d1e278022bc0641cd788cea2", [:mix], [{:castore, "~> 1.0", [hex: :castore, repo: "hexpm", optional: true]}, {:grpc_core, "~> 1.0.5", [hex: :grpc_core, repo: "hexpm", optional: false]}, {:gun, "~> 2.4.0", [hex: :gun, repo: "hexpm", optional: true]}, {:mint, "~> 1.9", [hex: :mint, repo: "hexpm", optional: true]}], "hexpm", "5e892e542a2e0f05ed17a4ad3814483e3980eaa93906f993dac9e08369b178ea"},
  "grpc_core": {:hex, :grpc_core, "1.0.5", "add39a2ca38604f73c8b2feed30c0fd2d2291daedac8060ee1a75b5658f0a69d", [:mix], [{:googleapis, "~> 0.1.0", [hex: :googleapis, repo: "hexpm", optional: false]}, {:jason, ">= 0.0.0", [hex: :jason, repo: "hexpm", optional: false]}, {:protobuf, "~> 0.17", [hex: :protobuf, repo: "hexpm", optional: false]}, {:telemetry, "~> 1.0", [hex: :telemetry, repo: "hexpm", optional: false]}], "hexpm", "a18ae7380cfebc20271aad36393e8aa041e1faa926fa25f40328e4350f83d8f0"},
  "gun": {:hex, :gun, "2.4.1", "c3a8bff8e155e1fc8e499216599bb7effbd27bc1985662a8b25016090dc18428", [:make, :rebar3], [{:cowlib, ">= 2.15.0 and < 3.0.0", [hex: :cowlib, repo: "hexpm", optional: false]}], "hexpm", "1450575b4d393aa0811322727b90ad1dd94b5c10026f54a1641785bcbd250384"},
  "jason": {:hex, :jason, "1.4.5", "2e3a008590b0b8d7388c20293e9dcc9cf3e5d642fd2a114e4cbbb52e595d940a", [:mix], [{:decimal, "~> 1.0 or ~> 2.0 or ~> 3.0", [hex: :decimal, repo: "hexpm", optional: true]}], "hexpm", "b0c823996102bcd0239b3c2444eb00409b72f6a140c1950bc8b457d836b30684"},
  "latu": {:hex, :latu, "0.7.0", "38cb4d04b2e6c5c10636486aeb03b736a1397a04b05dd6fc3c3abf68df4d799b", [:mix], [{:decimal, "~> 2.0 or ~> 3.0", [hex: :decimal, repo: "hexpm", optional: false]}, {:explorer, "~> 0.12", [hex: :explorer, repo: "hexpm", optional: false]}, {:grpc, "~> 1.0", [hex: :grpc, repo: "hexpm", optional: false]}, {:gun, "~> 2.4", [hex: :gun, repo: "hexpm", optional: false]}, {:kino, "~> 0.12", [hex: :kino, repo: "hexpm", optional: true]}, {:nx, "~> 0.13", [hex: :nx, repo: "hexpm", optional: true]}, {:protobuf, "~> 0.17", [hex: :protobuf, repo: "hexpm", optional: false]}, {:telemetry, "~> 1.0", [hex: :telemetry, repo: "hexpm", optional: false]}], "hexpm", "72a292b8572a3cbfd1ffe0015dbf701b53d35588e137ccf56de9cc9bac5355e0"},
  "makeup": {:hex, :makeup, "1.2.2", "882d46dc0905e9ff7abf2aab61a7e6b3dcc555533977d8a23b06019e6c89ac94", [:mix], [{:nimble_parsec, "~> 1.4", [hex: :nimble_parsec, repo: "hexpm", optional: false]}], "hexpm", "9a1a24e5b343b8ae16abea0822c10a6f75da27af7fa802ada5251f7579bfccfa"},
  "makeup_elixir": {:hex, :makeup_elixir, "1.0.1", "e928a4f984e795e41e3abd27bfc09f51db16ab8ba1aebdba2b3a575437efafc2", [:mix], [{:makeup, "~> 1.0", [hex: :makeup, repo: "hexpm", optional: false]}, {:nimble_parsec, "~> 1.2.3 or ~> 1.3", [hex: :nimble_parsec, repo: "hexpm", optional: false]}], "hexpm", "7284900d412a3e5cfd97fdaed4f5ed389b8f2b4cb49efc0eb3bd10e2febf9507"},
  "makeup_erlang": {:hex, :makeup_erlang, "1.1.0", "835f7e60792e08824cda445639555d7bf1bbbddb1b60b306e33cb6f6db24dc74", [:mix], [{:makeup, "~> 1.0", [hex: :makeup, repo: "hexpm", optional: false]}], "hexpm", "1cd6780fb1dd1a03979abaed0fe82712b0625118fd5257d3ebbf73f960c73c3c"},
  "nimble_parsec": {:hex, :nimble_parsec, "1.4.2", "8efba0122db06df95bfaa78f791344a89352ba04baedd3849593bfce4d0dc1c6", [:mix], [], "hexpm", "4b21398942dda052b403bbe1da991ccd03a053668d147d53fb8c4e0efe09c973"},
  "nx": {:hex, :nx, "0.13.1", "f96311a573dcd57d11ff889958ee518f52f7c16dbf6d22191020d322887856fc", [:mix], [{:complex, "~> 0.7", [hex: :complex, repo: "hexpm", optional: false]}, {:telemetry, "~> 0.4.0 or ~> 1.0", [hex: :telemetry, repo: "hexpm", optional: false]}], "hexpm", "20556ea36c1e9732c1d87eebbf7c0773517e876e92af4ff592b974f80db0b9d9"},
  "protobuf": {:hex, :protobuf, "0.17.0", "39e24e43c9648e148feba16ed51100b5b2028ea900b55460377b0476f6e10613", [:mix], [{:jason, "~> 1.2", [hex: :jason, repo: "hexpm", optional: true]}], "hexpm", "ca6c91f6f63e2c147b47f03eefd10b80538aa6fc55ff4b12b795efb786b0152f"},
  "rustler_precompiled": {:hex, :rustler_precompiled, "0.9.0", "3a052eda09f3d2436364645cc1f13279cf95db310eb0c17b0d8f25484b233aa0", [:mix], [{:rustler, "~> 0.23", [hex: :rustler, repo: "hexpm", optional: true]}], "hexpm", "471d97315bd3bf7b64623418b3693eedd8e47de3d1cb79a0ac8f9da7d770d94c"},
  "table": {:hex, :table, "0.1.2", "87ad1125f5b70c5dea0307aa633194083eb5182ec537efc94e96af08937e14a8", [:mix], [], "hexpm", "7e99bc7efef806315c7e65640724bf165c3061cdc5d854060f74468367065029"},
  "table_rex": {:hex, :table_rex, "4.1.0", "fbaa8b1ce154c9772012bf445bfb86b587430fb96f3b12022d3f35ee4a68c918", [:mix], [], "hexpm", "95932701df195d43bc2d1c6531178fc8338aa8f38c80f098504d529c43bc2601"},
  "telemetry": {:hex, :telemetry, "1.4.2", "a0cb522801dffb1c49fe6e30561badffc7b6d0e180db1300df759faa22062855", [:rebar3], [], "hexpm", "928f6495066506077862c0d1646609eed891a4326bee3126ba54b60af61febb1"},
}
